{
  "version": 4,
  "terraform_version": "0.12.20",
  "serial": 124,
  "lineage": "e58394da-b328-002f-0660-98db8df41959",
  "outputs": {
    "CloudFrontDomain": {
      "value": "dm6xnn3ti1f16.cloudfront.net",
      "type": "string"
    },
    "base_url": {
      "value": "https://5f5llp5qnj.execute-api.us-east-1.amazonaws.com/prod",
      "type": "string"
    }
  },
  "resources": [
    {
      "mode": "managed",
      "type": "aws_api_gateway_deployment",
      "name": "youtubeScheduler",
      "provider": "provider.aws",
      "instances": [
        {
          "schema_version": 0,
          "attributes": {
            "created_date": "2020-04-01T03:10:54Z",
            "description": "",
            "execution_arn": "arn:aws:execute-api:us-east-1:061717901640:5f5llp5qnj/prod",
            "id": "y4h0se",
            "invoke_url": "https://5f5llp5qnj.execute-api.us-east-1.amazonaws.com/prod",
            "rest_api_id": "5f5llp5qnj",
            "stage_description": null,
            "stage_name": "prod",
            "variables": null
          },
          "private": "bnVsbA==",
          "dependencies": [
            "aws_api_gateway_integration.lambda",
            "aws_api_gateway_integration.lambda_root",
            "aws_api_gateway_rest_api.youtubeScheduler"
          ]
        }
      ]
    },
    {
      "mode": "managed",
      "type": "aws_api_gateway_integration",
      "name": "lambda",
      "provider": "provider.aws",
      "instances": [
        {
          "schema_version": 0,
          "attributes": {
            "cache_key_parameters": [],
            "cache_namespace": "6qzpsi",
            "connection_id": "",
            "connection_type": "INTERNET",
            "content_handling": "",
            "credentials": "",
            "http_method": "ANY",
            "id": "agi-5f5llp5qnj-6qzpsi-ANY",
            "integration_http_method": "POST",
            "passthrough_behavior": "WHEN_NO_MATCH",
            "request_parameters": {},
            "request_parameters_in_json": null,
            "request_templates": {},
            "resource_id": "6qzpsi",
            "rest_api_id": "5f5llp5qnj",
            "timeout_milliseconds": 29000,
            "type": "AWS_PROXY",
            "uri": "arn:aws:apigateway:us-east-1:lambda:path/2015-03-31/functions/arn:aws:lambda:us-east-1:061717901640:function:YouTubeSchedulerUpdate/invocations"
          },
          "private": "bnVsbA==",
          "dependencies": [
            "aws_api_gateway_method.proxy",
            "aws_api_gateway_rest_api.youtubeScheduler",
            "aws_iam_role.lambda_exec",
            "aws_lambda_function.youtubeScheduler"
          ]
        }
      ]
    },
    {
      "mode": "managed",
      "type": "aws_api_gateway_integration",
      "name": "lambda_root",
      "provider": "provider.aws",
      "instances": [
        {
          "schema_version": 0,
          "attributes": {
            "cache_key_parameters": [],
            "cache_namespace": "nubpkwhtmg",
            "connection_id": "",
            "connection_type": "INTERNET",
            "content_handling": "",
            "credentials": "",
            "http_method": "ANY",
            "id": "agi-5f5llp5qnj-nubpkwhtmg-ANY",
            "integration_http_method": "POST",
            "passthrough_behavior": "WHEN_NO_MATCH",
            "request_parameters": {},
            "request_parameters_in_json": null,
            "request_templates": {},
            "resource_id": "nubpkwhtmg",
            "rest_api_id": "5f5llp5qnj",
            "timeout_milliseconds": 29000,
            "type": "AWS_PROXY",
            "uri": "arn:aws:apigateway:us-east-1:lambda:path/2015-03-31/functions/arn:aws:lambda:us-east-1:061717901640:function:YouTubeSchedulerUpdate/invocations"
          },
          "private": "bnVsbA==",
          "dependencies": [
            "aws_api_gateway_method.proxy_root",
            "aws_api_gateway_rest_api.youtubeScheduler",
            "aws_iam_role.lambda_exec",
            "aws_lambda_function.youtubeScheduler"
          ]
        }
      ]
    },
    {
      "mode": "managed",
      "type": "aws_api_gateway_method",
      "name": "proxy",
      "provider": "provider.aws",
      "instances": [
        {
          "schema_version": 0,
          "attributes": {
            "api_key_required": false,
            "authorization": "NONE",
            "authorization_scopes": [],
            "authorizer_id": "",
            "http_method": "ANY",
            "id": "agm-5f5llp5qnj-6qzpsi-ANY",
            "request_models": {},
            "request_parameters": {},
            "request_parameters_in_json": null,
            "request_validator_id": "",
            "resource_id": "6qzpsi",
            "rest_api_id": "5f5llp5qnj"
          },
          "private": "bnVsbA==",
          "dependencies": [
            "aws_api_gateway_resource.proxy",
            "aws_api_gateway_rest_api.youtubeScheduler"
          ]
        }
      ]
    },
    {
      "mode": "managed",
      "type": "aws_api_gateway_method",
      "name": "proxy_root",
      "provider": "provider.aws",
      "instances": [
        {
          "schema_version": 0,
          "attributes": {
            "api_key_required": false,
            "authorization": "NONE",
            "authorization_scopes": [],
            "authorizer_id": "",
            "http_method": "ANY",
            "id": "agm-5f5llp5qnj-nubpkwhtmg-ANY",
            "request_models": {},
            "request_parameters": {},
            "request_parameters_in_json": null,
            "request_validator_id": "",
            "resource_id": "nubpkwhtmg",
            "rest_api_id": "5f5llp5qnj"
          },
          "private": "bnVsbA==",
          "dependencies": [
            "aws_api_gateway_rest_api.youtubeScheduler"
          ]
        }
      ]
    },
    {
      "mode": "managed",
      "type": "aws_api_gateway_resource",
      "name": "proxy",
      "provider": "provider.aws",
      "instances": [
        {
          "schema_version": 0,
          "attributes": {
            "id": "6qzpsi",
            "parent_id": "nubpkwhtmg",
            "path": "/{proxy+}",
            "path_part": "{proxy+}",
            "rest_api_id": "5f5llp5qnj"
          },
          "private": "bnVsbA==",
          "dependencies": [
            "aws_api_gateway_rest_api.youtubeScheduler"
          ]
        }
      ]
    },
    {
      "mode": "managed",
      "type": "aws_api_gateway_rest_api",
      "name": "youtubeScheduler",
      "provider": "provider.aws",
      "instances": [
        {
          "schema_version": 0,
          "attributes": {
            "api_key_source": "HEADER",
            "arn": "arn:aws:apigateway:us-east-1::/restapis/5f5llp5qnj",
            "binary_media_types": [],
            "body": null,
            "created_date": "2020-04-01T02:16:18Z",
            "description": "The YouTube Scheduler update API gateway",
            "endpoint_configuration": [
              {
                "types": [
                  "EDGE"
                ],
                "vpc_endpoint_ids": []
              }
            ],
            "execution_arn": "arn:aws:execute-api:us-east-1:061717901640:5f5llp5qnj",
            "id": "5f5llp5qnj",
            "minimum_compression_size": -1,
            "name": "YouTubeSchedulerUpdateAPIGateway",
            "policy": "",
            "root_resource_id": "nubpkwhtmg",
            "tags": {
              "Environment": "production",
              "Name": "YouTubeScheduler"
            }
          },
          "private": "bnVsbA=="
        }
      ]
    },
    {
      "mode": "managed",
      "type": "aws_cloudfront_distribution",
      "name": "s3_distribution",
      "provider": "provider.aws",
      "instances": [
        {
          "schema_version": 1,
          "attributes": {
            "active_trusted_signers": {
              "enabled": "false",
              "items.#": "0"
            },
            "aliases": [
              "schedule.quarantineshow.com"
            ],
            "arn": "arn:aws:cloudfront::061717901640:distribution/E3OVZFOPCJAGWZ",
            "cache_behavior": [],
            "caller_reference": "terraform-20200401071018959300000002",
            "comment": null,
            "custom_error_response": [],
            "default_cache_behavior": [
              {
                "allowed_methods": [
                  "GET",
                  "HEAD"
                ],
                "cached_methods": [
                  "GET",
                  "HEAD"
                ],
                "compress": true,
                "default_ttl": 0,
                "field_level_encryption_id": "",
                "forwarded_values": [
                  {
                    "cookies": [
                      {
                        "forward": "none",
                        "whitelisted_names": []
                      }
                    ],
                    "headers": [],
                    "query_string": false,
                    "query_string_cache_keys": []
                  }
                ],
                "lambda_function_association": [],
                "max_ttl": 0,
                "min_ttl": 0,
                "smooth_streaming": false,
                "target_origin_id": "myS3Origin",
                "trusted_signers": [],
                "viewer_protocol_policy": "allow-all"
              }
            ],
            "default_root_object": "index.html",
            "domain_name": "dm6xnn3ti1f16.cloudfront.net",
            "enabled": true,
            "etag": "E1M8DG1TNFFMMT",
            "hosted_zone_id": "Z2FDTNDATAQYW2",
            "http_version": "http2",
            "id": "E3OVZFOPCJAGWZ",
            "in_progress_validation_batches": 0,
            "is_ipv6_enabled": true,
            "last_modified_time": "2020-04-01 11:55:28.147 +0000 UTC",
            "logging_config": [],
            "ordered_cache_behavior": [],
            "origin": [
              {
                "custom_header": [],
                "custom_origin_config": [
                  {
                    "http_port": 80,
                    "https_port": 443,
                    "origin_keepalive_timeout": 5,
                    "origin_protocol_policy": "http-only",
                    "origin_read_timeout": 30,
                    "origin_ssl_protocols": [
                      "TLSv1",
                      "TLSv1.1",
                      "TLSv1.2"
                    ]
                  }
                ],
                "domain_name": "schedule.quarantineshow.com.s3-website-us-east-1.amazonaws.com",
                "origin_id": "myS3Origin",
                "origin_path": "",
                "s3_origin_config": []
              }
            ],
            "origin_group": [],
            "price_class": "PriceClass_200",
            "restrictions": [
              {
                "geo_restriction": [
                  {
                    "locations": [],
                    "restriction_type": "none"
                  }
                ]
              }
            ],
            "retain_on_delete": false,
            "status": "InProgress",
            "tags": {
              "Environment": "production",
              "Name": "YouTubeScheduler"
            },
            "viewer_certificate": [
              {
                "acm_certificate_arn": "arn:aws:acm:us-east-1:061717901640:certificate/c120df12-6c47-4ea2-a5df-97c1bf510a77",
                "cloudfront_default_certificate": false,
                "iam_certificate_id": "",
                "minimum_protocol_version": "TLSv1.1_2016",
                "ssl_support_method": "sni-only"
              }
            ],
            "wait_for_deployment": true,
            "web_acl_id": ""
          },
          "private": "eyJzY2hlbWFfdmVyc2lvbiI6IjEifQ=="
        }
      ]
    },
    {
      "mode": "managed",
      "type": "aws_iam_policy",
      "name": "lambda_policy",
      "provider": "provider.aws",
      "instances": [
        {
          "schema_version": 0,
          "attributes": {
            "arn": "arn:aws:iam::061717901640:policy/serverless_YouTubeSchedulerUpdate_policy",
            "description": "IAM policy for DynamoDB and logging from a lambda",
            "id": "arn:aws:iam::061717901640:policy/serverless_YouTubeSchedulerUpdate_policy",
            "name": "serverless_YouTubeSchedulerUpdate_policy",
            "name_prefix": null,
            "path": "/",
            "policy": "{\n  \"Version\": \"2012-10-17\",\n  \"Statement\": [\n    {\n        \"Effect\": \"Allow\",\n        \"Action\": [\n          \"s3:PutObject\",\n          \"s3:PutObjectAcl\",\n          \"s3:GetObject\"\n        ],\n        \"Resource\": \"arn:aws:s3:::schedule.quarantineshow.com/*\"\n    },\n    {\n      \"Action\": [\n        \"logs:CreateLogGroup\",\n        \"logs:CreateLogStream\",\n        \"logs:PutLogEvents\"\n      ],\n      \"Resource\": \"arn:aws:logs:*:*:*\",\n      \"Effect\": \"Allow\"\n    }\n  ]\n}\n"
          },
          "private": "bnVsbA=="
        }
      ]
    },
    {
      "mode": "managed",
      "type": "aws_iam_role",
      "name": "lambda_exec",
      "provider": "provider.aws",
      "instances": [
        {
          "schema_version": 0,
          "attributes": {
            "arn": "arn:aws:iam::061717901640:role/serverless_YouTubeSchedulerUpdate_role",
            "assume_role_policy": "{\"Version\":\"2012-10-17\",\"Statement\":[{\"Sid\":\"AllowLambdaExecute\",\"Effect\":\"Allow\",\"Principal\":{\"Service\":\"lambda.amazonaws.com\"},\"Action\":\"sts:AssumeRole\"}]}",
            "create_date": "2020-04-01T04:07:40Z",
            "description": "",
            "force_detach_policies": false,
            "id": "serverless_YouTubeSchedulerUpdate_role",
            "max_session_duration": 3600,
            "name": "serverless_YouTubeSchedulerUpdate_role",
            "name_prefix": null,
            "path": "/",
            "permissions_boundary": null,
            "tags": {
              "Environment": "production",
              "Name": "YouTubeScheduler"
            },
            "unique_id": "AROAQ4XVMOFENZCXW7ISN"
          },
          "private": "bnVsbA=="
        }
      ]
    },
    {
      "mode": "managed",
      "type": "aws_iam_role_policy_attachment",
      "name": "lambda_policy_attach",
      "provider": "provider.aws",
      "instances": [
        {
          "schema_version": 0,
          "attributes": {
            "id": "serverless_YouTubeSchedulerUpdate_role-20200401040742821200000001",
            "policy_arn": "arn:aws:iam::061717901640:policy/serverless_YouTubeSchedulerUpdate_policy",
            "role": "serverless_YouTubeSchedulerUpdate_role"
          },
          "private": "bnVsbA==",
          "dependencies": [
            "aws_iam_policy.lambda_policy",
            "aws_iam_role.lambda_exec"
          ]
        }
      ]
    },
    {
      "mode": "managed",
      "type": "aws_lambda_function",
      "name": "youtubeScheduler",
      "provider": "provider.aws",
      "instances": [
        {
          "schema_version": 0,
          "attributes": {
            "arn": "arn:aws:lambda:us-east-1:061717901640:function:YouTubeSchedulerUpdate",
            "dead_letter_config": [],
            "description": "",
            "environment": [
              {
                "variables": {
                  "BUCKET_NAME": "schedule.quarantineshow.com",
                  "SCHEDULE_FILE": "schedule.json"
                }
              }
            ],
            "filename": null,
            "function_name": "YouTubeSchedulerUpdate",
            "handler": "index.handler",
            "id": "YouTubeSchedulerUpdate",
            "invoke_arn": "arn:aws:apigateway:us-east-1:lambda:path/2015-03-31/functions/arn:aws:lambda:us-east-1:061717901640:function:YouTubeSchedulerUpdate/invocations",
            "kms_key_arn": "",
            "last_modified": "2020-04-01T12:03:08.069+0000",
            "layers": [],
            "memory_size": 512,
            "publish": false,
            "qualified_arn": "arn:aws:lambda:us-east-1:061717901640:function:YouTubeSchedulerUpdate:$LATEST",
            "reserved_concurrent_executions": -1,
            "role": "arn:aws:iam::061717901640:role/serverless_YouTubeSchedulerUpdate_role",
            "runtime": "nodejs10.x",
            "s3_bucket": "youtube.scheduler.deploy",
            "s3_key": "v0.1.0/deploy_1585742531.zip",
            "s3_object_version": null,
            "source_code_hash": "MpTt0EAzTw1nRfrfKdd4TX8A/DZHi/ncE9rLGIe46VM=",
            "source_code_size": 1350,
            "tags": {
              "Environment": "production",
              "Name": "YouTubeScheduler"
            },
            "timeout": 3,
            "timeouts": null,
            "tracing_config": [
              {
                "mode": "PassThrough"
              }
            ],
            "version": "$LATEST",
            "vpc_config": []
          },
          "private": "eyJlMmJmYjczMC1lY2FhLTExZTYtOGY4OC0zNDM2M2JjN2M0YzAiOnsiY3JlYXRlIjo2MDAwMDAwMDAwMDB9fQ==",
          "dependencies": [
            "aws_iam_role.lambda_exec"
          ]
        }
      ]
    },
    {
      "mode": "managed",
      "type": "aws_lambda_permission",
      "name": "apigw",
      "provider": "provider.aws",
      "instances": [
        {
          "schema_version": 0,
          "attributes": {
            "action": "lambda:InvokeFunction",
            "event_source_token": null,
            "function_name": "YouTubeSchedulerUpdate",
            "id": "AllowAPIGatewayInvoke",
            "principal": "apigateway.amazonaws.com",
            "qualifier": "",
            "source_account": null,
            "source_arn": "arn:aws:execute-api:us-east-1:061717901640:5f5llp5qnj/*/*",
            "statement_id": "AllowAPIGatewayInvoke",
            "statement_id_prefix": null
          },
          "private": "bnVsbA==",
          "dependencies": [
            "aws_api_gateway_rest_api.youtubeScheduler",
            "aws_iam_role.lambda_exec",
            "aws_lambda_function.youtubeScheduler"
          ]
        }
      ]
    },
    {
      "mode": "managed",
      "type": "aws_s3_bucket",
      "name": "ScheduleWebsite",
      "provider": "provider.aws",
      "instances": [
        {
          "schema_version": 0,
          "attributes": {
            "acceleration_status": "",
            "acl": "public-read",
            "arn": "arn:aws:s3:::schedule.quarantineshow.com",
            "bucket": "schedule.quarantineshow.com",
            "bucket_domain_name": "schedule.quarantineshow.com.s3.amazonaws.com",
            "bucket_prefix": null,
            "bucket_regional_domain_name": "schedule.quarantineshow.com.s3.amazonaws.com",
            "cors_rule": [],
            "force_destroy": false,
            "grant": [],
            "hosted_zone_id": "Z3AQBSTGFYJSTF",
            "id": "schedule.quarantineshow.com",
            "lifecycle_rule": [],
            "logging": [],
            "object_lock_configuration": [],
            "policy": "{\"Statement\":[{\"Action\":\"s3:GetObject\",\"Effect\":\"Allow\",\"Principal\":\"*\",\"Resource\":\"arn:aws:s3:::schedule.quarantineshow.com/*\",\"Sid\":\"PublicReadGetObject\"}],\"Version\":\"2012-10-17\"}",
            "region": "us-east-1",
            "replication_configuration": [],
            "request_payer": "BucketOwner",
            "server_side_encryption_configuration": [],
            "tags": {
              "Environment": "production",
              "Name": "YouTubeScheduler"
            },
            "versioning": [
              {
                "enabled": true,
                "mfa_delete": false
              }
            ],
            "website": [
              {
                "error_document": "index.html",
                "index_document": "index.html",
                "redirect_all_requests_to": "",
                "routing_rules": ""
              }
            ],
            "website_domain": "s3-website-us-east-1.amazonaws.com",
            "website_endpoint": "schedule.quarantineshow.com.s3-website-us-east-1.amazonaws.com"
          },
          "private": "bnVsbA=="
        }
      ]
    }
  ]
}
